{
  "name": "ruby-wasm-ui-project",
  "version": "0.7.0",
  "lockfileVersion": 3,
  "requires": true,
  "packages": {
    "": {
      "name": "ruby-wasm-ui-project",
      "version": "0.7.0",
      "license": "MIT",
      "workspaces": [
        "packages/*"
      ]
    },
    "packages/npm-packages/runtime": {
      "name": "ruby-wasm-ui",
      "version": "0.0.1",
      "extraneous": true,
      "license": "MIT",
      "dependencies": {
        "@ruby/3.4-wasm-wasi": "^2.7.1",
        "@ruby/wasm-wasi": "^2.7.1"
      },
      "devDependencies": {
        "eslint": "^9.25.1",
        "jsdom": "^26.1.0",
        "rollup": "^4.40.0",
        "rollup-plugin-cleanup": "^3.2.1",
        "rollup-plugin-filesize": "^10.0.0",
        "vitest": "^3.1.2"
      }
    }
  }
}
