PATH
  remote: ../..
  specs:
    ruby_wasm_ui (0.8.1)
      js (~> 2.7)
      ruby_wasm (~> 2.7)

GEM
  remote: https://rubygems.org/
  specs:
    js (2.7.2)
    logger (1.7.0)
    ruby_wasm (2.7.2)
      logger
    ruby_wasm (2.7.2-aarch64-linux)
      logger
    ruby_wasm (2.7.2-aarch64-linux-musl)
      logger
    ruby_wasm (2.7.2-arm64-darwin)
      logger
    ruby_wasm (2.7.2-x86_64-darwin)
      logger
    ruby_wasm (2.7.2-x86_64-linux)
      logger
    ruby_wasm (2.7.2-x86_64-linux-musl)
      logger

PLATFORMS
  aarch64-linux
  aarch64-linux-musl
  arm64-darwin
  ruby
  x86_64-darwin
  x86_64-linux
  x86_64-linux-musl

DEPENDENCIES
  ruby_wasm_ui!

BUNDLED WITH
   2.7.2
